<?xml version="1.0" encoding="utf-8"?>
<Project ToolsVersion="4.0" xmlns="http://schemas.microsoft.com/developer/msbuild/2003">
  <ItemGroup>
    <Filter Include="Helper">
      <UniqueIdentifier>{5288e440-6347-401c-a1cd-6ab6e47851f1}</UniqueIdentifier>
    </Filter>
    <Filter Include="CUPipeline">
      <UniqueIdentifier>{520ef036-e02d-475e-84a4-68b59eaabdf8}</UniqueIdentifier>
    </Filter>
    <Filter Include="ObjectData">
      <UniqueIdentifier>{07b97de0-1db0-44d7-9ee0-a68b9cc55c5d}</UniqueIdentifier>
    </Filter>
  </ItemGroup>
  <ItemGroup>
    <ClInclude Include="d3dx12.h">
      <Filter>Helper</Filter>
    </ClInclude>
    <ClInclude Include="helper_cuda.h">
      <Filter>Helper</Filter>
    </ClInclude>
    <ClInclude Include="DXSampleHelper.h">
      <Filter>Helper</Filter>
    </ClInclude>
    <ClInclude Include="CUDAFrameBuffer.h">
      <Filter>CUPipeline</Filter>
    </ClInclude>
    <ClInclude Include="DX12WindowLoop.h" />
    <ClInclude Include="GPUMemory.h" />
    <ClInclude Include="ShaderStructs.h" />
    <ClInclude Include="CUDARasterizerLoop.h" />
    <ClInclude Include="stdafx.h" />
    <ClInclude Include="Win32Application.h" />
    <ClInclude Include="MyShaders.hlsl" />
    <ClInclude Include="DXTexture.h">
      <Filter>CUPipeline</Filter>
    </ClInclude>
    <ClInclude Include="Device.h" />
    <ClInclude Include="CUDAVertexDataBuffer.h">
      <Filter>CUPipeline</Filter>
    </ClInclude>
    <ClInclude Include="WindowsSecurityAttributes.h">
      <Filter>Helper</Filter>
    </ClInclude>
    <ClInclude Include="SimplePixelShader.h">
      <Filter>CUPipeline</Filter>
    </ClInclude>
    <ClInclude Include="CUPipeline.h">
      <Filter>CUPipeline</Filter>
    </ClInclude>
    <ClInclude Include="VolumetricData.h">
      <Filter>ObjectData</Filter>
    </ClInclude>
    <ClInclude Include="ThetaPhiCamera.h">
      <Filter>CUPipeline</Filter>
    </ClInclude>
    <ClInclude Include="TracerFunc.h">
      <Filter>CUPipeline</Filter>
    </ClInclude>
  </ItemGroup>
  <ItemGroup>
    <ClCompile Include="DX12CudaSample.cpp" />
    <ClCompile Include="Main.cpp" />
    <ClCompile Include="CUDARasterizerLoop.cpp" />
    <ClCompile Include="stdafx.cpp" />
    <ClCompile Include="Win32Application.cpp" />
    <ClCompile Include="DXTexture.cpp">
      <Filter>CUPipeline</Filter>
    </ClCompile>
    <ClCompile Include="Device.cpp" />
    <ClCompile Include="WindowsSecurityAttributes.cpp">
      <Filter>Helper</Filter>
    </ClCompile>
    <ClCompile Include="VolumetricData.cpp">
      <Filter>ObjectData</Filter>
    </ClCompile>
    <ClCompile Include="ThetaPhiCamera.cpp">
      <Filter>CUPipeline</Filter>
    </ClCompile>
  </ItemGroup>
  <ItemGroup>
    <CudaCompile Include="CUDAFrameBuffer.cu">
      <Filter>CUPipeline</Filter>
    </CudaCompile>
    <CudaCompile Include="SimplePixelShader.cu">
      <Filter>CUPipeline</Filter>
    </CudaCompile>
    <CudaCompile Include="CUPipeline.cu">
      <Filter>CUPipeline</Filter>
    </CudaCompile>
    <CudaCompile Include="TracerFunc.cu">
      <Filter>CUPipeline</Filter>
    </CudaCompile>
  </ItemGroup>
</Project>